// !$*UTF8*$!
{
	archiveVersion = 1;
	classes = {
	};
	objectVersion = 56;
	objects = {

/* Begin PBXBuildFile section */
		F0217F7C29E4500700BD1CE8 /* baby.mp4 in Resources */ = {isa = PBXBuildFile; fileRef = F0217F7B29E4500700BD1CE8 /* baby.mp4 */; };
		F0217F7E29E4501000BD1CE8 /* balloon.mp4 in Resources */ = {isa = PBXBuildFile; fileRef = F0217F7D29E4501000BD1CE8 /* balloon.mp4 */; };
		F0217F8029E4501700BD1CE8 /* average.mp4 in Resources */ = {isa = PBXBuildFile; fileRef = F0217F7F29E4501700BD1CE8 /* average.mp4 */; };
		F0217F8229E4502500BD1CE8 /* bath.mp4 in Resources */ = {isa = PBXBuildFile; fileRef = F0217F8129E4502500BD1CE8 /* bath.mp4 */; };
		F04DE74129E7F5B400F773CE /* data.xcdatamodeld in Sources */ = {isa = PBXBuildFile; fileRef = F04DE73F29E7F5B400F773CE /* data.xcdatamodeld */; };
		F072765729E44C3D008B561C /* AppDelegate.swift in Sources */ = {isa = PBXBuildFile; fileRef = F072765629E44C3D008B561C /* AppDelegate.swift */; };
		F072765929E44C3D008B561C /* SceneDelegate.swift in Sources */ = {isa = PBXBuildFile; fileRef = F072765829E44C3D008B561C /* SceneDelegate.swift */; };
		F072765B29E44C3D008B561C /* TranslateViewController.swift in Sources */ = {isa = PBXBuildFile; fileRef = F072765A29E44C3D008B561C /* TranslateViewController.swift */; };
		F072765E29E44C3D008B561C /* Main.storyboard in Resources */ = {isa = PBXBuildFile; fileRef = F072765C29E44C3D008B561C /* Main.storyboard */; };
		F072766329E44C3E008B561C /* LaunchScreen.storyboard in Resources */ = {isa = PBXBuildFile; fileRef = F072766129E44C3E008B561C /* LaunchScreen.storyboard */; };
		F0D0BA6129E6AA9100012201 /* BackwardTranslationViewController.swift in Sources */ = {isa = PBXBuildFile; fileRef = F0D0BA6029E6AA9100012201 /* BackwardTranslationViewController.swift */; };
		F0D0BA6329E6AAD400012201 /* HistoryPageViewController.swift in Sources */ = {isa = PBXBuildFile; fileRef = F0D0BA6229E6AAD400012201 /* HistoryPageViewController.swift */; };
/* End PBXBuildFile section */

/* Begin PBXFileReference section */
		F0217F7B29E4500700BD1CE8 /* baby.mp4 */ = {isa = PBXFileReference; lastKnownFileType = file; path = baby.mp4; sourceTree = "<group>"; };
		F0217F7D29E4501000BD1CE8 /* balloon.mp4 */ = {isa = PBXFileReference; lastKnownFileType = file; path = balloon.mp4; sourceTree = "<group>"; };
		F0217F7F29E4501700BD1CE8 /* average.mp4 */ = {isa = PBXFileReference; lastKnownFileType = file; path = average.mp4; sourceTree = "<group>"; };
		F0217F8129E4502500BD1CE8 /* bath.mp4 */ = {isa = PBXFileReference; lastKnownFileType = file; path = bath.mp4; sourceTree = "<group>"; };
		F04DE74029E7F5B400F773CE /* data.xcdatamodel */ = {isa = PBXFileReference; lastKnownFileType = wrapper.xcdatamodel; path = data.xcdatamodel; sourceTree = "<group>"; };
		F072765329E44C3D008B561C /* FirstScreen.app */ = {isa = PBXFileReference; explicitFileType = wrapper.application; includeInIndex = 0; path = FirstScreen.app; sourceTree = BUILT_PRODUCTS_DIR; };
		F072765629E44C3D008B561C /* AppDelegate.swift */ = {isa = PBXFileReference; lastKnownFileType = sourcecode.swift; path = AppDelegate.swift; sourceTree = "<group>"; };
		F072765829E44C3D008B561C /* SceneDelegate.swift */ = {isa = PBXFileReference; lastKnownFileType = sourcecode.swift; path = SceneDelegate.swift; sourceTree = "<group>"; };
		F072765A29E44C3D008B561C /* TranslateViewController.swift */ = {isa = PBXFileReference; lastKnownFileType = sourcecode.swift; path = TranslateViewController.swift; sourceTree = "<group>"; };
		F072765D29E44C3D008B561C /* Base */ = {isa = PBXFileReference; lastKnownFileType = file.storyboard; name = Base; path = Base.lproj/Main.storyboard; sourceTree = "<group>"; };
		F072766229E44C3E008B561C /* Base */ = {isa = PBXFileReference; lastKnownFileType = file.storyboard; name = Base; path = Base.lproj/LaunchScreen.storyboard; sourceTree = "<group>"; };
		F072766429E44C3E008B561C /* Info.plist */ = {isa = PBXFileReference; lastKnownFileType = text.plist.xml; path = Info.plist; sourceTree = "<group>"; };
		F0D0BA6029E6AA9100012201 /* BackwardTranslationViewController.swift */ = {isa = PBXFileReference; lastKnownFileType = sourcecode.swift; path = BackwardTranslationViewController.swift; sourceTree = "<group>"; };
		F0D0BA6229E6AAD400012201 /* HistoryPageViewController.swift */ = {isa = PBXFileReference; lastKnownFileType = sourcecode.swift; path = HistoryPageViewController.swift; sourceTree = "<group>"; };
/* End PBXFileReference section */

/* Begin PBXFrameworksBuildPhase section */
		F072765029E44C3D008B561C /* Frameworks */ = {
			isa = PBXFrameworksBuildPhase;
			buildActionMask = 2147483647;
			files = (
			);
			runOnlyForDeploymentPostprocessing = 0;
		};
/* End PBXFrameworksBuildPhase section */

/* Begin PBXGroup section */
		F052BF8E29E544A400917575 /* Videos */ = {
			isa = PBXGroup;
			children = (
				F0217F7B29E4500700BD1CE8 /* baby.mp4 */,
				F0217F7D29E4501000BD1CE8 /* balloon.mp4 */,
				F0217F7F29E4501700BD1CE8 /* average.mp4 */,
				F0217F8129E4502500BD1CE8 /* bath.mp4 */,
			);
			path = Videos;
			sourceTree = "<group>";
		};
		F052BF8F29E544C100917575 /* ViewControllers */ = {
			isa = PBXGroup;
			children = (
				F072765A29E44C3D008B561C /* TranslateViewController.swift */,
				F0D0BA6029E6AA9100012201 /* BackwardTranslationViewController.swift */,
				F0D0BA6229E6AAD400012201 /* HistoryPageViewController.swift */,
			);
			path = ViewControllers;
			sourceTree = "<group>";
		};
		F072764A29E44C3D008B561C = {
			isa = PBXGroup;
			children = (
				F04DE73F29E7F5B400F773CE /* data.xcdatamodeld */,
				F072765529E44C3D008B561C /* FirstScreen */,
				F072765429E44C3D008B561C /* Products */,
			);
			sourceTree = "<group>";
		};
		F072765429E44C3D008B561C /* Products */ = {
			isa = PBXGroup;
			children = (
				F072765329E44C3D008B561C /* FirstScreen.app */,
			);
			name = Products;
			sourceTree = "<group>";
		};
		F072765529E44C3D008B561C /* FirstScreen */ = {
			isa = PBXGroup;
			children = (
				F052BF8E29E544A400917575 /* Videos */,
				F072765629E44C3D008B561C /* AppDelegate.swift */,
				F072765829E44C3D008B561C /* SceneDelegate.swift */,
				F052BF8F29E544C100917575 /* ViewControllers */,
				F072765C29E44C3D008B561C /* Main.storyboard */,
				F072766129E44C3E008B561C /* LaunchScreen.storyboard */,
				F072766429E44C3E008B561C /* Info.plist */,
			);
			path = FirstScreen;
			sourceTree = "<group>";
		};
/* End PBXGroup section */

/* Begin PBXNativeTarget section */
		F072765229E44C3D008B561C /* FirstScreen */ = {
			isa = PBXNativeTarget;
			buildConfigurationList = F072766729E44C3E008B561C /* Build configuration list for PBXNativeTarget "FirstScreen" */;
			buildPhases = (
				F072764F29E44C3D008B561C /* Sources */,
				F072765029E44C3D008B561C /* Frameworks */,
				F072765129E44C3D008B561C /* Resources */,
			);
			buildRules = (
			);
			dependencies = (
			);
			name = FirstScreen;
			productName = FirstScreen;
			productReference = F072765329E44C3D008B561C /* FirstScreen.app */;
			productType = "com.apple.product-type.application";
		};
/* End PBXNativeTarget section */

/* Begin PBXProject section */
		F072764B29E44C3D008B561C /* Project object */ = {
			isa = PBXProject;
			attributes = {
				BuildIndependentTargetsInParallel = 1;
				LastSwiftUpdateCheck = 1430;
				LastUpgradeCheck = 1430;
				TargetAttributes = {
					F072765229E44C3D008B561C = {
						CreatedOnToolsVersion = 14.3;
					};
				};
			};
			buildConfigurationList = F072764E29E44C3D008B561C /* Build configuration list for PBXProject "FirstScreen" */;
			compatibilityVersion = "Xcode 14.0";
			developmentRegion = en;
			hasScannedForEncodings = 0;
			knownRegions = (
				en,
				Base,
			);
			mainGroup = F072764A29E44C3D008B561C;
			productRefGroup = F072765429E44C3D008B561C /* Products */;
			projectDirPath = "";
			projectRoot = "";
			targets = (
				F072765229E44C3D008B561C /* FirstScreen */,
			);
		};
/* End PBXProject section */

/* Begin PBXResourcesBuildPhase section */
		F072765129E44C3D008B561C /* Resources */ = {
			isa = PBXResourcesBuildPhase;
			buildActionMask = 2147483647;
			files = (
				F0217F7E29E4501000BD1CE8 /* balloon.mp4 in Resources */,
				F072766329E44C3E008B561C /* LaunchScreen.storyboard in Resources */,
				F0217F7C29E4500700BD1CE8 /* baby.mp4 in Resources */,
				F0217F8029E4501700BD1CE8 /* average.mp4 in Resources */,
				F0217F8229E4502500BD1CE8 /* bath.mp4 in Resources */,
				F072765E29E44C3D008B561C /* Main.storyboard in Resources */,
			);
			runOnlyForDeploymentPostprocessing = 0;
		};
/* End PBXResourcesBuildPhase section */

/* Begin PBXSourcesBuildPhase section */
		F072764F29E44C3D008B561C /* Sources */ = {
			isa = PBXSourcesBuildPhase;
			buildActionMask = 2147483647;
			files = (
				F072765B29E44C3D008B561C /* TranslateViewController.swift in Sources */,
				F0D0BA6329E6AAD400012201 /* HistoryPageViewController.swift in Sources */,
				F072765729E44C3D008B561C /* AppDelegate.swift in Sources */,
				F072765929E44C3D008B561C /* SceneDelegate.swift in Sources */,
				F0D0BA6129E6AA9100012201 /* BackwardTranslationViewController.swift in Sources */,
				F04DE74129E7F5B400F773CE /* data.xcdatamodeld in Sources */,
			);
			runOnlyForDeploymentPostprocessing = 0;
		};
/* End PBXSourcesBuildPhase section */

/* Begin PBXVariantGroup section */
		F072765C29E44C3D008B561C /* Main.storyboard */ = {
			isa = PBXVariantGroup;
			children = (
				F072765D29E44C3D008B561C /* Base */,
			);
			name = Main.storyboard;
			sourceTree = "<group>";
		};
		F072766129E44C3E008B561C /* LaunchScreen.storyboard */ = {
			isa = PBXVariantGroup;
			children = (
				F072766229E44C3E008B561C /* Base */,
			);
			name = LaunchScreen.storyboard;
			sourceTree = "<group>";
		};
/* End PBXVariantGroup section */

/* Begin XCBuildConfiguration section */
		F072766529E44C3E008B561C /* Debug */ = {
			isa = XCBuildConfiguration;
			buildSettings = {
				ALWAYS_SEARCH_USER_PATHS = NO;
				CLANG_ANALYZER_NONNULL = YES;
				CLANG_ANALYZER_NUMBER_OBJECT_CONVERSION = YES_AGGRESSIVE;
				CLANG_CXX_LANGUAGE_STANDARD = "gnu++20";
				CLANG_ENABLE_MODULES = YES;
				CLANG_ENABLE_OBJC_ARC = YES;
				CLANG_ENABLE_OBJC_WEAK = YES;
				CLANG_WARN_BLOCK_CAPTURE_AUTORELEASING = YES;
				CLANG_WARN_BOOL_CONVERSION = YES;
				CLANG_WARN_COMMA = YES;
				CLANG_WARN_CONSTANT_CONVERSION = YES;
				CLANG_WARN_DEPRECATED_OBJC_IMPLEMENTATIONS = YES;
				CLANG_WARN_DIRECT_OBJC_ISA_USAGE = YES_ERROR;
				CLANG_WARN_DOCUMENTATION_COMMENTS = YES;
				CLANG_WARN_EMPTY_BODY = YES;
				CLANG_WARN_ENUM_CONVERSION = YES;
				CLANG_WARN_INFINITE_RECURSION = YES;
				CLANG_WARN_INT_CONVERSION = YES;
				CLANG_WARN_NON_LITERAL_NULL_CONVERSION = YES;
				CLANG_WARN_OBJC_IMPLICIT_RETAIN_SELF = YES;
				CLANG_WARN_OBJC_LITERAL_CONVERSION = YES;
				CLANG_WARN_OBJC_ROOT_CLASS = YES_ERROR;
				CLANG_WARN_QUOTED_INCLUDE_IN_FRAMEWORK_HEADER = YES;
				CLANG_WARN_RANGE_LOOP_ANALYSIS = YES;
				CLANG_WARN_STRICT_PROTOTYPES = YES;
				CLANG_WARN_SUSPICIOUS_MOVE = YES;
				CLANG_WARN_UNGUARDED_AVAILABILITY = YES_AGGRESSIVE;
				CLANG_WARN_UNREACHABLE_CODE = YES;
				CLANG_WARN__DUPLICATE_METHOD_MATCH = YES;
				COPY_PHASE_STRIP = NO;
				DEBUG_INFORMATION_FORMAT = dwarf;
				ENABLE_STRICT_OBJC_MSGSEND = YES;
				ENABLE_TESTABILITY = YES;
				GCC_C_LANGUAGE_STANDARD = gnu11;
				GCC_DYNAMIC_NO_PIC = NO;
				GCC_NO_COMMON_BLOCKS = YES;
				GCC_OPTIMIZATION_LEVEL = 0;
				GCC_PREPROCESSOR_DEFINITIONS = (
					"DEBUG=1",
					"$(inherited)",
				);
				GCC_WARN_64_TO_32_BIT_CONVERSION = YES;
				GCC_WARN_ABOUT_RETURN_TYPE = YES_ERROR;
				GCC_WARN_UNDECLARED_SELECTOR = YES;
				GCC_WARN_UNINITIALIZED_AUTOS = YES_AGGRESSIVE;
				GCC_WARN_UNUSED_FUNCTION = YES;
				GCC_WARN_UNUSED_VARIABLE = YES;
				IPHONEOS_DEPLOYMENT_TARGET = 16.4;
				MTL_ENABLE_DEBUG_INFO = INCLUDE_SOURCE;
				MTL_FAST_MATH = YES;
				ONLY_ACTIVE_ARCH = YES;
				SDKROOT = iphoneos;
				SWIFT_ACTIVE_COMPILATION_CONDITIONS = DEBUG;
				SWIFT_OPTIMIZATION_LEVEL = "-Onone";
			};
			name = Debug;
		};
		F072766629E44C3E008B561C /* Release */ = {
			isa = XCBuildConfiguration;
			buildSettings = {
				ALWAYS_SEARCH_USER_PATHS = NO;
				CLANG_ANALYZER_NONNULL = YES;
				CLANG_ANALYZER_NUMBER_OBJECT_CONVERSION = YES_AGGRESSIVE;
				CLANG_CXX_LANGUAGE_STANDARD = "gnu++20";
				CLANG_ENABLE_MODULES = YES;
				CLANG_ENABLE_OBJC_ARC = YES;
				CLANG_ENABLE_OBJC_WEAK = YES;
				CLANG_WARN_BLOCK_CAPTURE_AUTORELEASING = YES;
				CLANG_WARN_BOOL_CONVERSION = YES;
				CLANG_WARN_COMMA = YES;
				CLANG_WARN_CONSTANT_CONVERSION = YES;
				CLANG_WARN_DEPRECATED_OBJC_IMPLEMENTATIONS = YES;
				CLANG_WARN_DIRECT_OBJC_ISA_USAGE = YES_ERROR;
				CLANG_WARN_DOCUMENTATION_COMMENTS = YES;
				CLANG_WARN_EMPTY_BODY = YES;
				CLANG_WARN_ENUM_CONVERSION = YES;
				CLANG_WARN_INFINITE_RECURSION = YES;
				CLANG_WARN_INT_CONVERSION = YES;
				CLANG_WARN_NON_LITERAL_NULL_CONVERSION = YES;
				CLANG_WARN_OBJC_IMPLICIT_RETAIN_SELF = YES;
				CLANG_WARN_OBJC_LITERAL_CONVERSION = YES;
				CLANG_WARN_OBJC_ROOT_CLASS = YES_ERROR;
				CLANG_WARN_QUOTED_INCLUDE_IN_FRAMEWORK_HEADER = YES;
				CLANG_WARN_RANGE_LOOP_ANALYSIS = YES;
				CLANG_WARN_STRICT_PROTOTYPES = YES;
				CLANG_WARN_SUSPICIOUS_MOVE = YES;
				CLANG_WARN_UNGUARDED_AVAILABILITY = YES_AGGRESSIVE;
				CLANG_WARN_UNREACHABLE_CODE = YES;
				CLANG_WARN__DUPLICATE_METHOD_MATCH = YES;
				COPY_PHASE_STRIP = NO;
				DEBUG_INFORMATION_FORMAT = "dwarf-with-dsym";
				ENABLE_NS_ASSERTIONS = NO;
				ENABLE_STRICT_OBJC_MSGSEND = YES;
				GCC_C_LANGUAGE_STANDARD = gnu11;
				GCC_NO_COMMON_BLOCKS = YES;
				GCC_WARN_64_TO_32_BIT_CONVERSION = YES;
				GCC_WARN_ABOUT_RETURN_TYPE = YES_ERROR;
				GCC_WARN_UNDECLARED_SELECTOR = YES;
				GCC_WARN_UNINITIALIZED_AUTOS = YES_AGGRESSIVE;
				GCC_WARN_UNUSED_FUNCTION = YES;
				GCC_WARN_UNUSED_VARIABLE = YES;
				IPHONEOS_DEPLOYMENT_TARGET = 16.4;
				MTL_ENABLE_DEBUG_INFO = NO;
				MTL_FAST_MATH = YES;
				SDKROOT = iphoneos;
				SWIFT_COMPILATION_MODE = wholemodule;
				SWIFT_OPTIMIZATION_LEVEL = "-O";
				VALIDATE_PRODUCT = YES;
			};
			name = Release;
		};
		F072766829E44C3E008B561C /* Debug */ = {
			isa = XCBuildConfiguration;
			buildSettings = {
				ASSETCATALOG_COMPILER_APPICON_NAME = AppIcon;
				ASSETCATALOG_COMPILER_GLOBAL_ACCENT_COLOR_NAME = AccentColor;
				CODE_SIGN_STYLE = Automatic;
				CURRENT_PROJECT_VERSION = 1;
				DEVELOPMENT_TEAM = 5UU7XFJ6WC;
				GENERATE_INFOPLIST_FILE = YES;
				INFOPLIST_FILE = FirstScreen/Info.plist;
				INFOPLIST_KEY_UIApplicationSupportsIndirectInputEvents = YES;
				INFOPLIST_KEY_UILaunchStoryboardName = LaunchScreen;
				INFOPLIST_KEY_UIMainStoryboardFile = Main;
				INFOPLIST_KEY_UISupportedInterfaceOrientations_iPad = "UIInterfaceOrientationPortrait UIInterfaceOrientationPortraitUpsideDown UIInterfaceOrientationLandscapeLeft UIInterfaceOrientationLandscapeRight";
				INFOPLIST_KEY_UISupportedInterfaceOrientations_iPhone = "UIInterfaceOrientationPortrait UIInterfaceOrientationLandscapeLeft UIInterfaceOrientationLandscapeRight";
				LD_RUNPATH_SEARCH_PATHS = (
					"$(inherited)",
					"@executable_path/Frameworks",
				);
				MARKETING_VERSION = 1.0;
				PRODUCT_BUNDLE_IDENTIFIER = srmist.edu.in.FirstScreen;
				PRODUCT_NAME = "$(TARGET_NAME)";
				SWIFT_EMIT_LOC_STRINGS = YES;
				SWIFT_VERSION = 5.0;
				TARGETED_DEVICE_FAMILY = "1,2";
			};
			name = Debug;
		};
		F072766929E44C3E008B561C /* Release */ = {
			isa = XCBuildConfiguration;
			buildSettings = {
				ASSETCATALOG_COMPILER_APPICON_NAME = AppIcon;
				ASSETCATALOG_COMPILER_GLOBAL_ACCENT_COLOR_NAME = AccentColor;
				CODE_SIGN_STYLE = Automatic;
				CURRENT_PROJECT_VERSION = 1;
				DEVELOPMENT_TEAM = 5UU7XFJ6WC;
				GENERATE_INFOPLIST_FILE = YES;
				INFOPLIST_FILE = FirstScreen/Info.plist;
				INFOPLIST_KEY_UIApplicationSupportsIndirectInputEvents = YES;
				INFOPLIST_KEY_UILaunchStoryboardName = LaunchScreen;
				INFOPLIST_KEY_UIMainStoryboardFile = Main;
				INFOPLIST_KEY_UISupportedInterfaceOrientations_iPad = "UIInterfaceOrientationPortrait UIInterfaceOrientationPortraitUpsideDown UIInterfaceOrientationLandscapeLeft UIInterfaceOrientationLandscapeRight";
				INFOPLIST_KEY_UISupportedInterfaceOrientations_iPhone = "UIInterfaceOrientationPortrait UIInterfaceOrientationLandscapeLeft UIInterfaceOrientationLandscapeRight";
				LD_RUNPATH_SEARCH_PATHS = (
					"$(inherited)",
					"@executable_path/Frameworks",
				);
				MARKETING_VERSION = 1.0;
				PRODUCT_BUNDLE_IDENTIFIER = srmist.edu.in.FirstScreen;
				PRODUCT_NAME = "$(TARGET_NAME)";
				SWIFT_EMIT_LOC_STRINGS = YES;
				SWIFT_VERSION = 5.0;
				TARGETED_DEVICE_FAMILY = "1,2";
			};
			name = Release;
		};
/* End XCBuildConfiguration section */

/* Begin XCConfigurationList section */
		F072764E29E44C3D008B561C /* Build configuration list for PBXProject "FirstScreen" */ = {
			isa = XCConfigurationList;
			buildConfigurations = (
				F072766529E44C3E008B561C /* Debug */,
				F072766629E44C3E008B561C /* Release */,
			);
			defaultConfigurationIsVisible = 0;
			defaultConfigurationName = Release;
		};
		F072766729E44C3E008B561C /* Build configuration list for PBXNativeTarget "FirstScreen" */ = {
			isa = XCConfigurationList;
			buildConfigurations = (
				F072766829E44C3E008B561C /* Debug */,
				F072766929E44C3E008B561C /* Release */,
			);
			defaultConfigurationIsVisible = 0;
			defaultConfigurationName = Release;
		};
/* End XCConfigurationList section */

/* Begin XCVersionGroup section */
		F04DE73F29E7F5B400F773CE /* data.xcdatamodeld */ = {
			isa = XCVersionGroup;
			children = (
				F04DE74029E7F5B400F773CE /* data.xcdatamodel */,
			);
			currentVersion = F04DE74029E7F5B400F773CE /* data.xcdatamodel */;
			path = data.xcdatamodeld;
			sourceTree = "<group>";
			versionGroupType = wrapper.xcdatamodel;
		};
/* End XCVersionGroup section */
	};
	rootObject = F072764B29E44C3D008B561C /* Project object */;
}
